
Microsoft Visual Studio Solution File, Format Version 12.00
# Visual Studio 15
VisualStudioVersion = 15.0.26124.0
MinimumVisualStudioVersion = 15.0.26124.0
Project("{FAE04EC0-301F-11D3-BF4B-00C04F79EFBC}") = "Uuids", "Uuids\Uuids.csproj", "{D2B45010-2ECC-4CE3-9290-A98013FA4CDC}"
EndProject
Project("{FAE04EC0-301F-11D3-BF4B-00C04F79EFBC}") = "Uuids.CoreLib", "Uuids.CoreLib\Uuids.CoreLib.ilproj", "{349531E5-7A77-48E9-A6A8-5561184382AA}"
EndProject
Project("{FAE04EC0-301F-11D3-BF4B-00C04F79EFBC}") = "Uuids.Tests", "Uuids.Tests\Uuids.Tests.csproj", "{4FA45FB2-D14D-45B5-A488-047376F79B3B}"
EndProject
Project("{FAE04EC0-301F-11D3-BF4B-00C04F79EFBC}") = "Uuids.Benchmarks", "Uuids.Benchmarks\Uuids.Benchmarks.csproj", "{BEB14BD9-3428-4D49-85EE-E4240A5F3536}"
EndProject
Global
	GlobalSection(SolutionConfigurationPlatforms) = preSolution
		Debug|Any CPU = Debug|Any CPU
		Release|Any CPU = Release|Any CPU
	EndGlobalSection
	GlobalSection(SolutionProperties) = preSolution
		HideSolutionNode = FALSE
	EndGlobalSection
	GlobalSection(ProjectConfigurationPlatforms) = postSolution
		{D2B45010-2ECC-4CE3-9290-A98013FA4CDC}.Debug|Any CPU.ActiveCfg = Debug|Any CPU
		{D2B45010-2ECC-4CE3-9290-A98013FA4CDC}.Debug|Any CPU.Build.0 = Debug|Any CPU
		{D2B45010-2ECC-4CE3-9290-A98013FA4CDC}.Release|Any CPU.ActiveCfg = Release|Any CPU
		{D2B45010-2ECC-4CE3-9290-A98013FA4CDC}.Release|Any CPU.Build.0 = Release|Any CPU
		{349531E5-7A77-48E9-A6A8-5561184382AA}.Debug|Any CPU.ActiveCfg = Debug|Any CPU
		{349531E5-7A77-48E9-A6A8-5561184382AA}.Debug|Any CPU.Build.0 = Debug|Any CPU
		{349531E5-7A77-48E9-A6A8-5561184382AA}.Release|Any CPU.ActiveCfg = Release|Any CPU
		{349531E5-7A77-48E9-A6A8-5561184382AA}.Release|Any CPU.Build.0 = Release|Any CPU
		{4FA45FB2-D14D-45B5-A488-047376F79B3B}.Debug|Any CPU.ActiveCfg = Debug|Any CPU
		{4FA45FB2-D14D-45B5-A488-047376F79B3B}.Debug|Any CPU.Build.0 = Debug|Any CPU
		{4FA45FB2-D14D-45B5-A488-047376F79B3B}.Release|Any CPU.ActiveCfg = Release|Any CPU
		{4FA45FB2-D14D-45B5-A488-047376F79B3B}.Release|Any CPU.Build.0 = Release|Any CPU
		{BEB14BD9-3428-4D49-85EE-E4240A5F3536}.Debug|Any CPU.ActiveCfg = Debug|Any CPU
		{BEB14BD9-3428-4D49-85EE-E4240A5F3536}.Debug|Any CPU.Build.0 = Debug|Any CPU
		{BEB14BD9-3428-4D49-85EE-E4240A5F3536}.Release|Any CPU.ActiveCfg = Release|Any CPU
		{BEB14BD9-3428-4D49-85EE-E4240A5F3536}.Release|Any CPU.Build.0 = Release|Any CPU
	EndGlobalSection
EndGlobal
