
Microsoft Visual Studio Solution File, Format Version 12.00
# Visual Studio Version 17
VisualStudioVersion = 17.4.33213.308
MinimumVisualStudioVersion = 10.0.40219.1
Project("{FAE04EC0-301F-11D3-BF4B-00C04F79EFBC}") = "Uuids.Tools.CompareVersions", "Uuids.Tools.CompareVersions\Uuids.Tools.CompareVersions.csproj", "{1B7879A1-4EC1-4F5A-94F9-56BF7070721F}"
EndProject
Global
	GlobalSection(SolutionConfigurationPlatforms) = preSolution
		Debug|Any CPU = Debug|Any CPU
		Release|Any CPU = Release|Any CPU
	EndGlobalSection
	GlobalSection(ProjectConfigurationPlatforms) = postSolution
		{1B7879A1-4EC1-4F5A-94F9-56BF7070721F}.Debug|Any CPU.ActiveCfg = Debug|Any CPU
		{1B7879A1-4EC1-4F5A-94F9-56BF7070721F}.Debug|Any CPU.Build.0 = Debug|Any CPU
		{1B7879A1-4EC1-4F5A-94F9-56BF7070721F}.Release|Any CPU.ActiveCfg = Release|Any CPU
		{1B7879A1-4EC1-4F5A-94F9-56BF7070721F}.Release|Any CPU.Build.0 = Release|Any CPU
	EndGlobalSection
	GlobalSection(SolutionProperties) = preSolution
		HideSolutionNode = FALSE
	EndGlobalSection
	GlobalSection(ExtensibilityGlobals) = postSolution
		SolutionGuid = {BEC004A0-AD5E-44C0-A3C1-58FF750DC824}
	EndGlobalSection
EndGlobal
